
Microsoft Visual Studio Solution File, Format Version 12.00
# Visual Studio Version 16
VisualStudioVersion = 16.0.30611.23
MinimumVisualStudioVersion = 10.0.40219.1
Project("{FAE04EC0-301F-11D3-BF4B-00C04F79EFBC}") = "eCert", "eCert\eCert.csproj", "{6A64C5BB-CA1E-4E39-9093-7A28AA6683D1}"
	ProjectSection(ProjectDependencies) = postProject
		{6AC7DA5E-E71C-45E3-89EC-B961B96AACE2} = {6AC7DA5E-E71C-45E3-89EC-B961B96AACE2}
	EndProjectSection
EndProject
Project("{FAE04EC0-301F-11D3-BF4B-00C04F79EFBC}") = "FAP_Demo_WebService", "FAP_Demo_WebService\FAP_Demo_WebService.csproj", "{6AC7DA5E-E71C-45E3-89EC-B961B96AACE2}"
EndProject
Project("{FAE04EC0-301F-11D3-BF4B-00C04F79EFBC}") = "eCert_Test", "eCert_Test\eCert_Test.csproj", "{6150973B-3CF5-4FFB-9F88-B685EA77C6F7}"
EndProject
Global
	GlobalSection(SolutionConfigurationPlatforms) = preSolution
		Debug|Any CPU = Debug|Any CPU
		Release|Any CPU = Release|Any CPU
	EndGlobalSection
	GlobalSection(ProjectConfigurationPlatforms) = postSolution
		{6A64C5BB-CA1E-4E39-9093-7A28AA6683D1}.Debug|Any CPU.ActiveCfg = Debug|Any CPU
		{6A64C5BB-CA1E-4E39-9093-7A28AA6683D1}.Debug|Any CPU.Build.0 = Debug|Any CPU
		{6A64C5BB-CA1E-4E39-9093-7A28AA6683D1}.Release|Any CPU.ActiveCfg = Release|Any CPU
		{6A64C5BB-CA1E-4E39-9093-7A28AA6683D1}.Release|Any CPU.Build.0 = Release|Any CPU
		{6AC7DA5E-E71C-45E3-89EC-B961B96AACE2}.Debug|Any CPU.ActiveCfg = Debug|Any CPU
		{6AC7DA5E-E71C-45E3-89EC-B961B96AACE2}.Debug|Any CPU.Build.0 = Debug|Any CPU
		{6AC7DA5E-E71C-45E3-89EC-B961B96AACE2}.Release|Any CPU.ActiveCfg = Release|Any CPU
		{6AC7DA5E-E71C-45E3-89EC-B961B96AACE2}.Release|Any CPU.Build.0 = Release|Any CPU
		{6150973B-3CF5-4FFB-9F88-B685EA77C6F7}.Debug|Any CPU.ActiveCfg = Debug|Any CPU
		{6150973B-3CF5-4FFB-9F88-B685EA77C6F7}.Debug|Any CPU.Build.0 = Debug|Any CPU
		{6150973B-3CF5-4FFB-9F88-B685EA77C6F7}.Release|Any CPU.ActiveCfg = Release|Any CPU
		{6150973B-3CF5-4FFB-9F88-B685EA77C6F7}.Release|Any CPU.Build.0 = Release|Any CPU
	EndGlobalSection
	GlobalSection(SolutionProperties) = preSolution
		HideSolutionNode = FALSE
	EndGlobalSection
	GlobalSection(ExtensibilityGlobals) = postSolution
		SolutionGuid = {0FE24DCA-7868-447A-AAA0-0A69D8A5DACD}
	EndGlobalSection
EndGlobal
